
Microsoft Visual Studio Solution File, Format Version 12.00
# Visual Studio Version 16
VisualStudioVersion = 16.0.31205.134
MinimumVisualStudioVersion = 10.0.40219.1
Project("{FAE04EC0-301F-11D3-BF4B-00C04F79EFBC}") = "RockwellBlog", "RockwellBlog.csproj", "{35B2F139-3077-4834-B8A8-D75E5586ECF2}"
EndProject
Global
	GlobalSection(SolutionConfigurationPlatforms) = preSolution
		Debug|Any CPU = Debug|Any CPU
		Release|Any CPU = Release|Any CPU
	EndGlobalSection
	GlobalSection(ProjectConfigurationPlatforms) = postSolution
		{35B2F139-3077-4834-B8A8-D75E5586ECF2}.Debug|Any CPU.ActiveCfg = Debug|Any CPU
		{35B2F139-3077-4834-B8A8-D75E5586ECF2}.Debug|Any CPU.Build.0 = Debug|Any CPU
		{35B2F139-3077-4834-B8A8-D75E5586ECF2}.Release|Any CPU.ActiveCfg = Release|Any CPU
		{35B2F139-3077-4834-B8A8-D75E5586ECF2}.Release|Any CPU.Build.0 = Release|Any CPU
	EndGlobalSection
	GlobalSection(SolutionProperties) = preSolution
		HideSolutionNode = FALSE
	EndGlobalSection
	GlobalSection(ExtensibilityGlobals) = postSolution
		SolutionGuid = {7393BDF8-3FE3-4C0F-9AA2-08AC6092F95D}
	EndGlobalSection
EndGlobal
